
Microsoft Visual Studio Solution File, Format Version 12.00
# Visual Studio Version 16
VisualStudioVersion = 16.0.31613.86
MinimumVisualStudioVersion = 10.0.40219.1
Project("{8BC9CEB8-8B4A-11D0-8D11-00A0C91BC942}") = "day3", "day3\day3.vcxproj", "{E2B50B23-E17E-4D57-8D27-472503360F0C}"
EndProject
Global
	GlobalSection(SolutionConfigurationPlatforms) = preSolution
		Debug|x64 = Debug|x64
		Debug|x86 = Debug|x86
		Release|x64 = Release|x64
		Release|x86 = Release|x86
	EndGlobalSection
	GlobalSection(ProjectConfigurationPlatforms) = postSolution
		{E2B50B23-E17E-4D57-8D27-472503360F0C}.Debug|x64.ActiveCfg = Debug|x64
		{E2B50B23-E17E-4D57-8D27-472503360F0C}.Debug|x64.Build.0 = Debug|x64
		{E2B50B23-E17E-4D57-8D27-472503360F0C}.Debug|x86.ActiveCfg = Debug|Win32
		{E2B50B23-E17E-4D57-8D27-472503360F0C}.Debug|x86.Build.0 = Debug|Win32
		{E2B50B23-E17E-4D57-8D27-472503360F0C}.Release|x64.ActiveCfg = Release|x64
		{E2B50B23-E17E-4D57-8D27-472503360F0C}.Release|x64.Build.0 = Release|x64
		{E2B50B23-E17E-4D57-8D27-472503360F0C}.Release|x86.ActiveCfg = Release|Win32
		{E2B50B23-E17E-4D57-8D27-472503360F0C}.Release|x86.Build.0 = Release|Win32
	EndGlobalSection
	GlobalSection(SolutionProperties) = preSolution
		HideSolutionNode = FALSE
	EndGlobalSection
	GlobalSection(ExtensibilityGlobals) = postSolution
		SolutionGuid = {629E31F9-AA9B-4DD3-9F2E-F94FF2E61C9B}
	EndGlobalSection
EndGlobal
